
Microsoft Visual Studio Solution File, Format Version 12.00
# Visual Studio Version 16
VisualStudioVersion = 16.0.29324.140
MinimumVisualStudioVersion = 10.0.40219.1
Project("{9A19103F-16F7-4668-BE54-9A1E7A4F7556}") = "Challenge", "Challenge.csproj", "{8CA9F8E3-28E3-4877-B792-070D530BEC7A}"
EndProject
Global
	GlobalSection(SolutionConfigurationPlatforms) = preSolution
		Debug|Any CPU = Debug|Any CPU
		Release|Any CPU = Release|Any CPU
	EndGlobalSection
	GlobalSection(ProjectConfigurationPlatforms) = postSolution
		{8CA9F8E3-28E3-4877-B792-070D530BEC7A}.Debug|Any CPU.ActiveCfg = Debug|Any CPU
		{8CA9F8E3-28E3-4877-B792-070D530BEC7A}.Debug|Any CPU.Build.0 = Debug|Any CPU
		{8CA9F8E3-28E3-4877-B792-070D530BEC7A}.Release|Any CPU.ActiveCfg = Release|Any CPU
		{8CA9F8E3-28E3-4877-B792-070D530BEC7A}.Release|Any CPU.Build.0 = Release|Any CPU
	EndGlobalSection
	GlobalSection(SolutionProperties) = preSolution
		HideSolutionNode = FALSE
	EndGlobalSection
	GlobalSection(ExtensibilityGlobals) = postSolution
		SolutionGuid = {54D7DA0B-0712-43AB-8421-93E884D7097A}
	EndGlobalSection
EndGlobal
